
Microsoft Visual Studio Solution File, Format Version 12.00
# Visual Studio 15
VisualStudioVersion = 15.0.28307.705
MinimumVisualStudioVersion = 10.0.40219.1
Project("{FAE04EC0-301F-11D3-BF4B-00C04F79EFBC}") = "Jaylosy.Health", "Jaylosy.Health\Jaylosy.Health.csproj", "{1843FCB7-E54B-498E-935B-AD7617B0920B}"
EndProject
Project("{FAE04EC0-301F-11D3-BF4B-00C04F79EFBC}") = "Jaylosy.Kernel", "Jaylosy.Kernel\Jaylosy.Kernel.csproj", "{33AE5C91-848D-43FD-BDC0-89AB52AFE1D8}"
EndProject
Global
	GlobalSection(SolutionConfigurationPlatforms) = preSolution
		Debug|Any CPU = Debug|Any CPU
		Release|Any CPU = Release|Any CPU
	EndGlobalSection
	GlobalSection(ProjectConfigurationPlatforms) = postSolution
		{1843FCB7-E54B-498E-935B-AD7617B0920B}.Debug|Any CPU.ActiveCfg = Debug|Any CPU
		{1843FCB7-E54B-498E-935B-AD7617B0920B}.Debug|Any CPU.Build.0 = Debug|Any CPU
		{1843FCB7-E54B-498E-935B-AD7617B0920B}.Release|Any CPU.ActiveCfg = Release|Any CPU
		{1843FCB7-E54B-498E-935B-AD7617B0920B}.Release|Any CPU.Build.0 = Release|Any CPU
		{33AE5C91-848D-43FD-BDC0-89AB52AFE1D8}.Debug|Any CPU.ActiveCfg = Debug|Any CPU
		{33AE5C91-848D-43FD-BDC0-89AB52AFE1D8}.Debug|Any CPU.Build.0 = Debug|Any CPU
		{33AE5C91-848D-43FD-BDC0-89AB52AFE1D8}.Release|Any CPU.ActiveCfg = Release|Any CPU
		{33AE5C91-848D-43FD-BDC0-89AB52AFE1D8}.Release|Any CPU.Build.0 = Release|Any CPU
	EndGlobalSection
	GlobalSection(SolutionProperties) = preSolution
		HideSolutionNode = FALSE
	EndGlobalSection
	GlobalSection(ExtensibilityGlobals) = postSolution
		SolutionGuid = {CDB4E55D-50E1-472C-BAC7-B9F7CB16E00A}
	EndGlobalSection
EndGlobal
